
Microsoft Visual Studio Solution File, Format Version 12.00
# Visual Studio Version 16
VisualStudioVersion = 16.0.29920.165
MinimumVisualStudioVersion = 10.0.40219.1
Project("{FAE04EC0-301F-11D3-BF4B-00C04F79EFBC}") = "snake", "snake\snake.csproj", "{21FF57BD-D4D9-4311-A7EC-C2E2A28886E2}"
EndProject
Global
	GlobalSection(SolutionConfigurationPlatforms) = preSolution
		Debug|Any CPU = Debug|Any CPU
		Release|Any CPU = Release|Any CPU
	EndGlobalSection
	GlobalSection(ProjectConfigurationPlatforms) = postSolution
		{21FF57BD-D4D9-4311-A7EC-C2E2A28886E2}.Debug|Any CPU.ActiveCfg = Debug|Any CPU
		{21FF57BD-D4D9-4311-A7EC-C2E2A28886E2}.Debug|Any CPU.Build.0 = Debug|Any CPU
		{21FF57BD-D4D9-4311-A7EC-C2E2A28886E2}.Release|Any CPU.ActiveCfg = Release|Any CPU
		{21FF57BD-D4D9-4311-A7EC-C2E2A28886E2}.Release|Any CPU.Build.0 = Release|Any CPU
	EndGlobalSection
	GlobalSection(SolutionProperties) = preSolution
		HideSolutionNode = FALSE
	EndGlobalSection
	GlobalSection(ExtensibilityGlobals) = postSolution
		SolutionGuid = {2DBE0A6D-ECB2-4CA0-817D-8A320B2DFD87}
	EndGlobalSection
EndGlobal
